
Microsoft Visual Studio Solution File, Format Version 12.00
# Visual Studio Version 17
VisualStudioVersion = 17.14.36414.22 d17.14
MinimumVisualStudioVersion = 10.0.40219.1
Project("{FAE04EC0-301F-11D3-BF4B-00C04F79EFBC}") = "MAUI_UI", "MAUI_UI\MAUI_UI.csproj", "{ED99882B-D1DC-4D55-B1F5-4426771572D0}"
EndProject
Global
	GlobalSection(SolutionConfigurationPlatforms) = preSolution
		Debug|Any CPU = Debug|Any CPU
		Release|Any CPU = Release|Any CPU
	EndGlobalSection
	GlobalSection(ProjectConfigurationPlatforms) = postSolution
		{ED99882B-D1DC-4D55-B1F5-4426771572D0}.Debug|Any CPU.ActiveCfg = Debug|Any CPU
		{ED99882B-D1DC-4D55-B1F5-4426771572D0}.Debug|Any CPU.Build.0 = Debug|Any CPU
		{ED99882B-D1DC-4D55-B1F5-4426771572D0}.Release|Any CPU.ActiveCfg = Release|Any CPU
		{ED99882B-D1DC-4D55-B1F5-4426771572D0}.Release|Any CPU.Build.0 = Release|Any CPU
	EndGlobalSection
	GlobalSection(SolutionProperties) = preSolution
		HideSolutionNode = FALSE
	EndGlobalSection
	GlobalSection(ExtensibilityGlobals) = postSolution
		SolutionGuid = {89891070-90AB-468F-A720-3D781C62481F}
	EndGlobalSection
EndGlobal
